// !$*UTF8*$!
{
	archiveVersion = 1;
	classes = {
	};
	objectVersion = 50;
	objects = {

/* Begin PBXBuildFile section */
		442BA36521D3C1B600A19106 /* AppDelegate.swift in Sources */ = {isa = PBXBuildFile; fileRef = 442BA36421D3C1B600A19106 /* AppDelegate.swift */; };
		442BA36721D3C1B600A19106 /* ViewController.swift in Sources */ = {isa = PBXBuildFile; fileRef = 442BA36621D3C1B600A19106 /* ViewController.swift */; };
		442BA36A21D3C1B600A19106 /* Main.storyboard in Resources */ = {isa = PBXBuildFile; fileRef = 442BA36821D3C1B600A19106 /* Main.storyboard */; };
		442BA36C21D3C1B700A19106 /* Assets.xcassets in Resources */ = {isa = PBXBuildFile; fileRef = 442BA36B21D3C1B700A19106 /* Assets.xcassets */; };
		442BA36F21D3C1B700A19106 /* LaunchScreen.storyboard in Resources */ = {isa = PBXBuildFile; fileRef = 442BA36D21D3C1B700A19106 /* LaunchScreen.storyboard */; };
		F99DC762437E31B500243E52 /* Pods_ForecastPod.framework in Frameworks */ = {isa = PBXBuildFile; fileRef = D0D787013BB3324A12588231 /* Pods_ForecastPod.framework */; };
/* End PBXBuildFile section */

/* Begin PBXFileReference section */
		442BA36121D3C1B600A19106 /* ForecastPod.app */ = {isa = PBXFileReference; explicitFileType = wrapper.application; includeInIndex = 0; path = ForecastPod.app; sourceTree = BUILT_PRODUCTS_DIR; };
		442BA36421D3C1B600A19106 /* AppDelegate.swift */ = {isa = PBXFileReference; lastKnownFileType = sourcecode.swift; path = AppDelegate.swift; sourceTree = "<group>"; };
		442BA36621D3C1B600A19106 /* ViewController.swift */ = {isa = PBXFileReference; lastKnownFileType = sourcecode.swift; path = ViewController.swift; sourceTree = "<group>"; };
		442BA36921D3C1B600A19106 /* Base */ = {isa = PBXFileReference; lastKnownFileType = file.storyboard; name = Base; path = Base.lproj/Main.storyboard; sourceTree = "<group>"; };
		442BA36B21D3C1B700A19106 /* Assets.xcassets */ = {isa = PBXFileReference; lastKnownFileType = folder.assetcatalog; path = Assets.xcassets; sourceTree = "<group>"; };
		442BA36E21D3C1B700A19106 /* Base */ = {isa = PBXFileReference; lastKnownFileType = file.storyboard; name = Base; path = Base.lproj/LaunchScreen.storyboard; sourceTree = "<group>"; };
		442BA37021D3C1B700A19106 /* Info.plist */ = {isa = PBXFileReference; lastKnownFileType = text.plist.xml; path = Info.plist; sourceTree = "<group>"; };
		45083E2BBA8605E1DE67B86A /* Pods-ForecastPod.release.xcconfig */ = {isa = PBXFileReference; includeInIndex = 1; lastKnownFileType = text.xcconfig; name = "Pods-ForecastPod.release.xcconfig"; path = "Pods/Target Support Files/Pods-ForecastPod/Pods-ForecastPod.release.xcconfig"; sourceTree = "<group>"; };
		9DBBBA626307BFACC905AAB4 /* Pods-ForecastPod.debug.xcconfig */ = {isa = PBXFileReference; includeInIndex = 1; lastKnownFileType = text.xcconfig; name = "Pods-ForecastPod.debug.xcconfig"; path = "Pods/Target Support Files/Pods-ForecastPod/Pods-ForecastPod.debug.xcconfig"; sourceTree = "<group>"; };
		D0D787013BB3324A12588231 /* Pods_ForecastPod.framework */ = {isa = PBXFileReference; explicitFileType = wrapper.framework; includeInIndex = 0; path = Pods_ForecastPod.framework; sourceTree = BUILT_PRODUCTS_DIR; };
/* End PBXFileReference section */

/* Begin PBXFrameworksBuildPhase section */
		442BA35E21D3C1B600A19106 /* Frameworks */ = {
			isa = PBXFrameworksBuildPhase;
			buildActionMask = 2147483647;
			files = (
				F99DC762437E31B500243E52 /* Pods_ForecastPod.framework in Frameworks */,
			);
			runOnlyForDeploymentPostprocessing = 0;
		};
/* End PBXFrameworksBuildPhase section */

/* Begin PBXGroup section */
		09FBB4DF7609221819D51A9D /* Pods */ = {
			isa = PBXGroup;
			children = (
				9DBBBA626307BFACC905AAB4 /* Pods-ForecastPod.debug.xcconfig */,
				45083E2BBA8605E1DE67B86A /* Pods-ForecastPod.release.xcconfig */,
			);
			name = Pods;
			sourceTree = "<group>";
		};
		442BA35821D3C1B600A19106 = {
			isa = PBXGroup;
			children = (
				442BA36321D3C1B600A19106 /* ForecastPod */,
				442BA36221D3C1B600A19106 /* Products */,
				09FBB4DF7609221819D51A9D /* Pods */,
				6631A92184B66310D4C23320 /* Frameworks */,
			);
			sourceTree = "<group>";
		};
		442BA36221D3C1B600A19106 /* Products */ = {
			isa = PBXGroup;
			children = (
				442BA36121D3C1B600A19106 /* ForecastPod.app */,
			);
			name = Products;
			sourceTree = "<group>";
		};
		442BA36321D3C1B600A19106 /* ForecastPod */ = {
			isa = PBXGroup;
			children = (
				442BA36421D3C1B600A19106 /* AppDelegate.swift */,
				442BA36621D3C1B600A19106 /* ViewController.swift */,
				442BA36821D3C1B600A19106 /* Main.storyboard */,
				442BA36B21D3C1B700A19106 /* Assets.xcassets */,
				442BA36D21D3C1B700A19106 /* LaunchScreen.storyboard */,
				442BA37021D3C1B700A19106 /* Info.plist */,
			);
			path = ForecastPod;
			sourceTree = "<group>";
		};
		6631A92184B66310D4C23320 /* Frameworks */ = {
			isa = PBXGroup;
			children = (
				D0D787013BB3324A12588231 /* Pods_ForecastPod.framework */,
			);
			name = Frameworks;
			sourceTree = "<group>";
		};
/* End PBXGroup section */

/* Begin PBXNativeTarget section */
		442BA36021D3C1B600A19106 /* ForecastPod */ = {
			isa = PBXNativeTarget;
			buildConfigurationList = 442BA37321D3C1B700A19106 /* Build configuration list for PBXNativeTarget "ForecastPod" */;
			buildPhases = (
				9315C356DC2B8CA12B7095FD /* [CP] Check Pods Manifest.lock */,
				442BA35D21D3C1B600A19106 /* Sources */,
				442BA35E21D3C1B600A19106 /* Frameworks */,
				442BA35F21D3C1B600A19106 /* Resources */,
				0B093DEB1709B26C79464323 /* [CP] Embed Pods Frameworks */,
			);
			buildRules = (
			);
			dependencies = (
			);
			name = ForecastPod;
			productName = ForecastPod;
			productReference = 442BA36121D3C1B600A19106 /* ForecastPod.app */;
			productType = "com.apple.product-type.application";
		};
/* End PBXNativeTarget section */

/* Begin PBXProject section */
		442BA35921D3C1B600A19106 /* Project object */ = {
			isa = PBXProject;
			attributes = {
				LastSwiftUpdateCheck = 1010;
				LastUpgradeCheck = 1010;
				ORGANIZATIONNAME = "Ruslan Naumenko";
				TargetAttributes = {
					442BA36021D3C1B600A19106 = {
						CreatedOnToolsVersion = 10.1;
					};
				};
			};
			buildConfigurationList = 442BA35C21D3C1B600A19106 /* Build configuration list for PBXProject "ForecastPod" */;
			compatibilityVersion = "Xcode 9.3";
			developmentRegion = en;
			hasScannedForEncodings = 0;
			knownRegions = (
				en,
				Base,
			);
			mainGroup = 442BA35821D3C1B600A19106;
			productRefGroup = 442BA36221D3C1B600A19106 /* Products */;
			projectDirPath = "";
			projectRoot = "";
			targets = (
				442BA36021D3C1B600A19106 /* ForecastPod */,
			);
		};
/* End PBXProject section */

/* Begin PBXResourcesBuildPhase section */
		442BA35F21D3C1B600A19106 /* Resources */ = {
			isa = PBXResourcesBuildPhase;
			buildActionMask = 2147483647;
			files = (
				442BA36F21D3C1B700A19106 /* LaunchScreen.storyboard in Resources */,
				442BA36C21D3C1B700A19106 /* Assets.xcassets in Resources */,
				442BA36A21D3C1B600A19106 /* Main.storyboard in Resources */,
			);
			runOnlyForDeploymentPostprocessing = 0;
		};
/* End PBXResourcesBuildPhase section */

/* Begin PBXShellScriptBuildPhase section */
		0B093DEB1709B26C79464323 /* [CP] Embed Pods Frameworks */ = {
			isa = PBXShellScriptBuildPhase;
			buildActionMask = 2147483647;
			files = (
			);
			inputFileListPaths = (
			);
			inputPaths = (
				"${SRCROOT}/Pods/Target Support Files/Pods-ForecastPod/Pods-ForecastPod-frameworks.sh",
				"${BUILT_PRODUCTS_DIR}/Alamofire/Alamofire.framework",
				"${BUILT_PRODUCTS_DIR}/ForecastIO/ForecastIO.framework",
				"${BUILT_PRODUCTS_DIR}/ObjectMapper/ObjectMapper.framework",
				"${BUILT_PRODUCTS_DIR}/RecastAI/RecastAI.framework",
			);
			name = "[CP] Embed Pods Frameworks";
			outputFileListPaths = (
			);
			outputPaths = (
				"${TARGET_BUILD_DIR}/${FRAMEWORKS_FOLDER_PATH}/Alamofire.framework",
				"${TARGET_BUILD_DIR}/${FRAMEWORKS_FOLDER_PATH}/ForecastIO.framework",
				"${TARGET_BUILD_DIR}/${FRAMEWORKS_FOLDER_PATH}/ObjectMapper.framework",
				"${TARGET_BUILD_DIR}/${FRAMEWORKS_FOLDER_PATH}/RecastAI.framework",
			);
			runOnlyForDeploymentPostprocessing = 0;
			shellPath = /bin/sh;
			shellScript = "\"${SRCROOT}/Pods/Target Support Files/Pods-ForecastPod/Pods-ForecastPod-frameworks.sh\"\n";
			showEnvVarsInLog = 0;
		};
		9315C356DC2B8CA12B7095FD /* [CP] Check Pods Manifest.lock */ = {
			isa = PBXShellScriptBuildPhase;
			buildActionMask = 2147483647;
			files = (
			);
			inputFileListPaths = (
			);
			inputPaths = (
				"${PODS_PODFILE_DIR_PATH}/Podfile.lock",
				"${PODS_ROOT}/Manifest.lock",
			);
			name = "[CP] Check Pods Manifest.lock";
			outputFileListPaths = (
			);
			outputPaths = (
				"$(DERIVED_FILE_DIR)/Pods-ForecastPod-checkManifestLockResult.txt",
			);
			runOnlyForDeploymentPostprocessing = 0;
			shellPath = /bin/sh;
			shellScript = "diff \"${PODS_PODFILE_DIR_PATH}/Podfile.lock\" \"${PODS_ROOT}/Manifest.lock\" > /dev/null\nif [ $? != 0 ] ; then\n    # print error to STDERR\n    echo \"error: The sandbox is not in sync with the Podfile.lock. Run 'pod install' or update your CocoaPods installation.\" >&2\n    exit 1\nfi\n# This output is used by Xcode 'outputs' to avoid re-running this script phase.\necho \"SUCCESS\" > \"${SCRIPT_OUTPUT_FILE_0}\"\n";
			showEnvVarsInLog = 0;
		};
/* End PBXShellScriptBuildPhase section */

/* Begin PBXSourcesBuildPhase section */
		442BA35D21D3C1B600A19106 /* Sources */ = {
			isa = PBXSourcesBuildPhase;
			buildActionMask = 2147483647;
			files = (
				442BA36721D3C1B600A19106 /* ViewController.swift in Sources */,
				442BA36521D3C1B600A19106 /* AppDelegate.swift in Sources */,
			);
			runOnlyForDeploymentPostprocessing = 0;
		};
/* End PBXSourcesBuildPhase section */

/* Begin PBXVariantGroup section */
		442BA36821D3C1B600A19106 /* Main.storyboard */ = {
			isa = PBXVariantGroup;
			children = (
				442BA36921D3C1B600A19106 /* Base */,
			);
			name = Main.storyboard;
			sourceTree = "<group>";
		};
		442BA36D21D3C1B700A19106 /* LaunchScreen.storyboard */ = {
			isa = PBXVariantGroup;
			children = (
				442BA36E21D3C1B700A19106 /* Base */,
			);
			name = LaunchScreen.storyboard;
			sourceTree = "<group>";
		};
/* End PBXVariantGroup section */

/* Begin XCBuildConfiguration section */
		442BA37121D3C1B700A19106 /* Debug */ = {
			isa = XCBuildConfiguration;
			buildSettings = {
				ALWAYS_SEARCH_USER_PATHS = NO;
				CLANG_ANALYZER_NONNULL = YES;
				CLANG_ANALYZER_NUMBER_OBJECT_CONVERSION = YES_AGGRESSIVE;
				CLANG_CXX_LANGUAGE_STANDARD = "gnu++14";
				CLANG_CXX_LIBRARY = "libc++";
				CLANG_ENABLE_MODULES = YES;
				CLANG_ENABLE_OBJC_ARC = YES;
				CLANG_ENABLE_OBJC_WEAK = YES;
				CLANG_WARN_BLOCK_CAPTURE_AUTORELEASING = YES;
				CLANG_WARN_BOOL_CONVERSION = YES;
				CLANG_WARN_COMMA = YES;
				CLANG_WARN_CONSTANT_CONVERSION = YES;
				CLANG_WARN_DEPRECATED_OBJC_IMPLEMENTATIONS = YES;
				CLANG_WARN_DIRECT_OBJC_ISA_USAGE = YES_ERROR;
				CLANG_WARN_DOCUMENTATION_COMMENTS = YES;
				CLANG_WARN_EMPTY_BODY = YES;
				CLANG_WARN_ENUM_CONVERSION = YES;
				CLANG_WARN_INFINITE_RECURSION = YES;
				CLANG_WARN_INT_CONVERSION = YES;
				CLANG_WARN_NON_LITERAL_NULL_CONVERSION = YES;
				CLANG_WARN_OBJC_IMPLICIT_RETAIN_SELF = YES;
				CLANG_WARN_OBJC_LITERAL_CONVERSION = YES;
				CLANG_WARN_OBJC_ROOT_CLASS = YES_ERROR;
				CLANG_WARN_RANGE_LOOP_ANALYSIS = YES;
				CLANG_WARN_STRICT_PROTOTYPES = YES;
				CLANG_WARN_SUSPICIOUS_MOVE = YES;
				CLANG_WARN_UNGUARDED_AVAILABILITY = YES_AGGRESSIVE;
				CLANG_WARN_UNREACHABLE_CODE = YES;
				CLANG_WARN__DUPLICATE_METHOD_MATCH = YES;
				CODE_SIGN_IDENTITY = "iPhone Developer";
				COPY_PHASE_STRIP = NO;
				DEBUG_INFORMATION_FORMAT = dwarf;
				ENABLE_STRICT_OBJC_MSGSEND = YES;
				ENABLE_TESTABILITY = YES;
				GCC_C_LANGUAGE_STANDARD = gnu11;
				GCC_DYNAMIC_NO_PIC = NO;
				GCC_NO_COMMON_BLOCKS = YES;
				GCC_OPTIMIZATION_LEVEL = 0;
				GCC_PREPROCESSOR_DEFINITIONS = (
					"DEBUG=1",
					"$(inherited)",
				);
				GCC_WARN_64_TO_32_BIT_CONVERSION = YES;
				GCC_WARN_ABOUT_RETURN_TYPE = YES_ERROR;
				GCC_WARN_UNDECLARED_SELECTOR = YES;
				GCC_WARN_UNINITIALIZED_AUTOS = YES_AGGRESSIVE;
				GCC_WARN_UNUSED_FUNCTION = YES;
				GCC_WARN_UNUSED_VARIABLE = YES;
				IPHONEOS_DEPLOYMENT_TARGET = 12.1;
				MTL_ENABLE_DEBUG_INFO = INCLUDE_SOURCE;
				MTL_FAST_MATH = YES;
				ONLY_ACTIVE_ARCH = YES;
				SDKROOT = iphoneos;
				SWIFT_ACTIVE_COMPILATION_CONDITIONS = DEBUG;
				SWIFT_OPTIMIZATION_LEVEL = "-Onone";
			};
			name = Debug;
		};
		442BA37221D3C1B700A19106 /* Release */ = {
			isa = XCBuildConfiguration;
			buildSettings = {
				ALWAYS_SEARCH_USER_PATHS = NO;
				CLANG_ANALYZER_NONNULL = YES;
				CLANG_ANALYZER_NUMBER_OBJECT_CONVERSION = YES_AGGRESSIVE;
				CLANG_CXX_LANGUAGE_STANDARD = "gnu++14";
				CLANG_CXX_LIBRARY = "libc++";
				CLANG_ENABLE_MODULES = YES;
				CLANG_ENABLE_OBJC_ARC = YES;
				CLANG_ENABLE_OBJC_WEAK = YES;
				CLANG_WARN_BLOCK_CAPTURE_AUTORELEASING = YES;
				CLANG_WARN_BOOL_CONVERSION = YES;
				CLANG_WARN_COMMA = YES;
				CLANG_WARN_CONSTANT_CONVERSION = YES;
				CLANG_WARN_DEPRECATED_OBJC_IMPLEMENTATIONS = YES;
				CLANG_WARN_DIRECT_OBJC_ISA_USAGE = YES_ERROR;
				CLANG_WARN_DOCUMENTATION_COMMENTS = YES;
				CLANG_WARN_EMPTY_BODY = YES;
				CLANG_WARN_ENUM_CONVERSION = YES;
				CLANG_WARN_INFINITE_RECURSION = YES;
				CLANG_WARN_INT_CONVERSION = YES;
				CLANG_WARN_NON_LITERAL_NULL_CONVERSION = YES;
				CLANG_WARN_OBJC_IMPLICIT_RETAIN_SELF = YES;
				CLANG_WARN_OBJC_LITERAL_CONVERSION = YES;
				CLANG_WARN_OBJC_ROOT_CLASS = YES_ERROR;
				CLANG_WARN_RANGE_LOOP_ANALYSIS = YES;
				CLANG_WARN_STRICT_PROTOTYPES = YES;
				CLANG_WARN_SUSPICIOUS_MOVE = YES;
				CLANG_WARN_UNGUARDED_AVAILABILITY = YES_AGGRESSIVE;
				CLANG_WARN_UNREACHABLE_CODE = YES;
				CLANG_WARN__DUPLICATE_METHOD_MATCH = YES;
				CODE_SIGN_IDENTITY = "iPhone Developer";
				COPY_PHASE_STRIP = NO;
				DEBUG_INFORMATION_FORMAT = "dwarf-with-dsym";
				ENABLE_NS_ASSERTIONS = NO;
				ENABLE_STRICT_OBJC_MSGSEND = YES;
				GCC_C_LANGUAGE_STANDARD = gnu11;
				GCC_NO_COMMON_BLOCKS = YES;
				GCC_WARN_64_TO_32_BIT_CONVERSION = YES;
				GCC_WARN_ABOUT_RETURN_TYPE = YES_ERROR;
				GCC_WARN_UNDECLARED_SELECTOR = YES;
				GCC_WARN_UNINITIALIZED_AUTOS = YES_AGGRESSIVE;
				GCC_WARN_UNUSED_FUNCTION = YES;
				GCC_WARN_UNUSED_VARIABLE = YES;
				IPHONEOS_DEPLOYMENT_TARGET = 12.1;
				MTL_ENABLE_DEBUG_INFO = NO;
				MTL_FAST_MATH = YES;
				SDKROOT = iphoneos;
				SWIFT_COMPILATION_MODE = wholemodule;
				SWIFT_OPTIMIZATION_LEVEL = "-O";
				VALIDATE_PRODUCT = YES;
			};
			name = Release;
		};
		442BA37421D3C1B700A19106 /* Debug */ = {
			isa = XCBuildConfiguration;
			baseConfigurationReference = 9DBBBA626307BFACC905AAB4 /* Pods-ForecastPod.debug.xcconfig */;
			buildSettings = {
				ASSETCATALOG_COMPILER_APPICON_NAME = AppIcon;
				CODE_SIGN_STYLE = Automatic;
				DEVELOPMENT_TEAM = TN26FKR8N3;
				INFOPLIST_FILE = ForecastPod/Info.plist;
				LD_RUNPATH_SEARCH_PATHS = (
					"$(inherited)",
					"@executable_path/Frameworks",
				);
				PRODUCT_BUNDLE_IDENTIFIER = rnaumenk.ForecastPod;
				PRODUCT_NAME = "$(TARGET_NAME)";
				SWIFT_VERSION = 4.2;
				TARGETED_DEVICE_FAMILY = "1,2";
			};
			name = Debug;
		};
		442BA37521D3C1B700A19106 /* Release */ = {
			isa = XCBuildConfiguration;
			baseConfigurationReference = 45083E2BBA8605E1DE67B86A /* Pods-ForecastPod.release.xcconfig */;
			buildSettings = {
				ASSETCATALOG_COMPILER_APPICON_NAME = AppIcon;
				CODE_SIGN_STYLE = Automatic;
				DEVELOPMENT_TEAM = TN26FKR8N3;
				INFOPLIST_FILE = ForecastPod/Info.plist;
				LD_RUNPATH_SEARCH_PATHS = (
					"$(inherited)",
					"@executable_path/Frameworks",
				);
				PRODUCT_BUNDLE_IDENTIFIER = rnaumenk.ForecastPod;
				PRODUCT_NAME = "$(TARGET_NAME)";
				SWIFT_VERSION = 4.2;
				TARGETED_DEVICE_FAMILY = "1,2";
			};
			name = Release;
		};
/* End XCBuildConfiguration section */

/* Begin XCConfigurationList section */
		442BA35C21D3C1B600A19106 /* Build configuration list for PBXProject "ForecastPod" */ = {
			isa = XCConfigurationList;
			buildConfigurations = (
				442BA37121D3C1B700A19106 /* Debug */,
				442BA37221D3C1B700A19106 /* Release */,
			);
			defaultConfigurationIsVisible = 0;
			defaultConfigurationName = Release;
		};
		442BA37321D3C1B700A19106 /* Build configuration list for PBXNativeTarget "ForecastPod" */ = {
			isa = XCConfigurationList;
			buildConfigurations = (
				442BA37421D3C1B700A19106 /* Debug */,
				442BA37521D3C1B700A19106 /* Release */,
			);
			defaultConfigurationIsVisible = 0;
			defaultConfigurationName = Release;
		};
/* End XCConfigurationList section */
	};
	rootObject = 442BA35921D3C1B600A19106 /* Project object */;
}
